
Microsoft Visual Studio Solution File, Format Version 12.00
# Visual Studio Version 17
VisualStudioVersion = 17.0.31903.59
MinimumVisualStudioVersion = 10.0.40219.1
Project("{FAE04EC0-301F-11D3-BF4B-00C04F79EFBC}") = "build", "build.csproj", "{852AB718-21F0-4B8A-A01F-658941F02CF5}"
EndProject
Global
	GlobalSection(SolutionConfigurationPlatforms) = preSolution
		Debug|Any CPU = Debug|Any CPU
		Release|Any CPU = Release|Any CPU
	EndGlobalSection
	GlobalSection(ProjectConfigurationPlatforms) = postSolution
		{852AB718-21F0-4B8A-A01F-658941F02CF5}.Debug|Any CPU.ActiveCfg = Debug|Any CPU
		{852AB718-21F0-4B8A-A01F-658941F02CF5}.Debug|Any CPU.Build.0 = Debug|Any CPU
		{852AB718-21F0-4B8A-A01F-658941F02CF5}.Release|Any CPU.ActiveCfg = Release|Any CPU
		{852AB718-21F0-4B8A-A01F-658941F02CF5}.Release|Any CPU.Build.0 = Release|Any CPU
	EndGlobalSection
	GlobalSection(SolutionProperties) = preSolution
		HideSolutionNode = FALSE
	EndGlobalSection
	GlobalSection(ExtensibilityGlobals) = postSolution
		SolutionGuid = {121B66BA-C3FB-4B89-A6FD-7954B16E0EF8}
	EndGlobalSection
EndGlobal
